
Microsoft Visual Studio Solution File, Format Version 12.00
# Visual Studio Version 17
VisualStudioVersion = 17.1.32319.34
MinimumVisualStudioVersion = 10.0.40219.1
Project("{9A19103F-16F7-4668-BE54-9A1E7A4F7556}") = "Unsw.Haptics.Zaber.App", "src\Unsw.Haptics.Zaber.App\Unsw.Haptics.Zaber.App.csproj", "{FAAF027E-53F3-40E6-ABE6-DFAC98A1AC97}"
EndProject
Project("{9A19103F-16F7-4668-BE54-9A1E7A4F7556}") = "Unsw.Haptics.Common", "src\Unsw.Haptics.Common\Unsw.Haptics.Common.csproj", "{737F714B-4BB3-4470-87A3-FA437B426182}"
EndProject
Project("{FAE04EC0-301F-11D3-BF4B-00C04F79EFBC}") = "Unsw.Haptics.Listener", "src\Unsw.Haptics.Listener\Unsw.Haptics.Listener.csproj", "{299EA724-B25D-4ABC-A127-1E802BB53C74}"
EndProject
Global
	GlobalSection(SolutionConfigurationPlatforms) = preSolution
		Debug|Any CPU = Debug|Any CPU
		Release|Any CPU = Release|Any CPU
	EndGlobalSection
	GlobalSection(ProjectConfigurationPlatforms) = postSolution
		{FAAF027E-53F3-40E6-ABE6-DFAC98A1AC97}.Debug|Any CPU.ActiveCfg = Debug|Any CPU
		{FAAF027E-53F3-40E6-ABE6-DFAC98A1AC97}.Debug|Any CPU.Build.0 = Debug|Any CPU
		{FAAF027E-53F3-40E6-ABE6-DFAC98A1AC97}.Release|Any CPU.ActiveCfg = Release|Any CPU
		{FAAF027E-53F3-40E6-ABE6-DFAC98A1AC97}.Release|Any CPU.Build.0 = Release|Any CPU
		{737F714B-4BB3-4470-87A3-FA437B426182}.Debug|Any CPU.ActiveCfg = Debug|Any CPU
		{737F714B-4BB3-4470-87A3-FA437B426182}.Debug|Any CPU.Build.0 = Debug|Any CPU
		{737F714B-4BB3-4470-87A3-FA437B426182}.Release|Any CPU.ActiveCfg = Release|Any CPU
		{737F714B-4BB3-4470-87A3-FA437B426182}.Release|Any CPU.Build.0 = Release|Any CPU
		{299EA724-B25D-4ABC-A127-1E802BB53C74}.Debug|Any CPU.ActiveCfg = Debug|Any CPU
		{299EA724-B25D-4ABC-A127-1E802BB53C74}.Debug|Any CPU.Build.0 = Debug|Any CPU
		{299EA724-B25D-4ABC-A127-1E802BB53C74}.Release|Any CPU.ActiveCfg = Release|Any CPU
		{299EA724-B25D-4ABC-A127-1E802BB53C74}.Release|Any CPU.Build.0 = Release|Any CPU
	EndGlobalSection
	GlobalSection(SolutionProperties) = preSolution
		HideSolutionNode = FALSE
	EndGlobalSection
	GlobalSection(ExtensibilityGlobals) = postSolution
		SolutionGuid = {1C60949F-E94E-4749-85CF-245371D7DE21}
	EndGlobalSection
EndGlobal
